
Microsoft Visual Studio Solution File, Format Version 12.00
# Visual Studio 15
VisualStudioVersion = 15.0.28010.2036
MinimumVisualStudioVersion = 10.0.40219.1
Project("{FAE04EC0-301F-11D3-BF4B-00C04F79EFBC}") = "VB_WebService", "VB_WebService\VB_WebService.csproj", "{9FC494DC-BA4B-4FF8-99C8-2F155223EED2}"
EndProject
Project("{FAE04EC0-301F-11D3-BF4B-00C04F79EFBC}") = "VB_EF", "VB_EF\VB_EF.csproj", "{47757731-1C27-439F-AABC-D2536995A891}"
EndProject
Project("{FAE04EC0-301F-11D3-BF4B-00C04F79EFBC}") = "ConsoleAppForTest", "ConsoleAppForTest\ConsoleAppForTest.csproj", "{FAD17D46-AC53-49BF-A04C-F17A3905723F}"
EndProject
Global
	GlobalSection(SolutionConfigurationPlatforms) = preSolution
		Debug|Any CPU = Debug|Any CPU
		Release|Any CPU = Release|Any CPU
	EndGlobalSection
	GlobalSection(ProjectConfigurationPlatforms) = postSolution
		{9FC494DC-BA4B-4FF8-99C8-2F155223EED2}.Debug|Any CPU.ActiveCfg = Debug|Any CPU
		{9FC494DC-BA4B-4FF8-99C8-2F155223EED2}.Debug|Any CPU.Build.0 = Debug|Any CPU
		{9FC494DC-BA4B-4FF8-99C8-2F155223EED2}.Release|Any CPU.ActiveCfg = Release|Any CPU
		{9FC494DC-BA4B-4FF8-99C8-2F155223EED2}.Release|Any CPU.Build.0 = Release|Any CPU
		{47757731-1C27-439F-AABC-D2536995A891}.Debug|Any CPU.ActiveCfg = Debug|Any CPU
		{47757731-1C27-439F-AABC-D2536995A891}.Debug|Any CPU.Build.0 = Debug|Any CPU
		{47757731-1C27-439F-AABC-D2536995A891}.Release|Any CPU.ActiveCfg = Release|Any CPU
		{47757731-1C27-439F-AABC-D2536995A891}.Release|Any CPU.Build.0 = Release|Any CPU
		{FAD17D46-AC53-49BF-A04C-F17A3905723F}.Debug|Any CPU.ActiveCfg = Debug|Any CPU
		{FAD17D46-AC53-49BF-A04C-F17A3905723F}.Debug|Any CPU.Build.0 = Debug|Any CPU
		{FAD17D46-AC53-49BF-A04C-F17A3905723F}.Release|Any CPU.ActiveCfg = Release|Any CPU
		{FAD17D46-AC53-49BF-A04C-F17A3905723F}.Release|Any CPU.Build.0 = Release|Any CPU
	EndGlobalSection
	GlobalSection(SolutionProperties) = preSolution
		HideSolutionNode = FALSE
	EndGlobalSection
	GlobalSection(ExtensibilityGlobals) = postSolution
		SolutionGuid = {09EE6BAF-35AC-4AFF-AFAA-02E44D20817A}
	EndGlobalSection
EndGlobal
